
Microsoft Visual Studio Solution File, Format Version 12.00
# Visual Studio Version 17
VisualStudioVersion = 17.8.34330.188
MinimumVisualStudioVersion = 10.0.40219.1
Project("{9A19103F-16F7-4668-BE54-9A1E7A4F7556}") = "RecipeBookApplication.Gateway", "RecipeBookApplication\RecipeBookApplication.Gateway.csproj", "{279526F9-B411-4559-8D1D-63E47DF065E0}"
EndProject
Project("{2150E333-8FDC-42A3-9474-1A3956D46DE8}") = "Microservices", "Microservices", "{B70EDC7D-E95E-41D3-8EE1-C98242DED0A2}"
EndProject
Project("{9A19103F-16F7-4668-BE54-9A1E7A4F7556}") = "AuthMicroservice", "Auth\AuthMicroservice.csproj", "{12491674-54ED-4E43-AB99-F28BAEC594B8}"
EndProject
Project("{9A19103F-16F7-4668-BE54-9A1E7A4F7556}") = "RecipeMicroservice", "Recipe\RecipeMicroservice.csproj", "{D47DB5D0-03B7-4DC9-9C1B-05552816EBED}"
EndProject
Project("{9A19103F-16F7-4668-BE54-9A1E7A4F7556}") = "ReviewMicroservice", "Review\ReviewMicroservice.csproj", "{E4895080-3C1F-42CD-BD38-995521D582F8}"
EndProject
Project("{E53339B2-1760-4266-BCC7-CA923CBCF16C}") = "docker-compose", "docker-compose.dcproj", "{0298ED04-9692-40C5-AFEC-FF406C05521E}"
EndProject
Global
	GlobalSection(SolutionConfigurationPlatforms) = preSolution
		Debug|Any CPU = Debug|Any CPU
		Release|Any CPU = Release|Any CPU
	EndGlobalSection
	GlobalSection(ProjectConfigurationPlatforms) = postSolution
		{279526F9-B411-4559-8D1D-63E47DF065E0}.Debug|Any CPU.ActiveCfg = Debug|Any CPU
		{279526F9-B411-4559-8D1D-63E47DF065E0}.Debug|Any CPU.Build.0 = Debug|Any CPU
		{279526F9-B411-4559-8D1D-63E47DF065E0}.Release|Any CPU.ActiveCfg = Release|Any CPU
		{279526F9-B411-4559-8D1D-63E47DF065E0}.Release|Any CPU.Build.0 = Release|Any CPU
		{12491674-54ED-4E43-AB99-F28BAEC594B8}.Debug|Any CPU.ActiveCfg = Debug|Any CPU
		{12491674-54ED-4E43-AB99-F28BAEC594B8}.Debug|Any CPU.Build.0 = Debug|Any CPU
		{12491674-54ED-4E43-AB99-F28BAEC594B8}.Release|Any CPU.ActiveCfg = Release|Any CPU
		{12491674-54ED-4E43-AB99-F28BAEC594B8}.Release|Any CPU.Build.0 = Release|Any CPU
		{D47DB5D0-03B7-4DC9-9C1B-05552816EBED}.Debug|Any CPU.ActiveCfg = Debug|Any CPU
		{D47DB5D0-03B7-4DC9-9C1B-05552816EBED}.Debug|Any CPU.Build.0 = Debug|Any CPU
		{D47DB5D0-03B7-4DC9-9C1B-05552816EBED}.Release|Any CPU.ActiveCfg = Release|Any CPU
		{D47DB5D0-03B7-4DC9-9C1B-05552816EBED}.Release|Any CPU.Build.0 = Release|Any CPU
		{E4895080-3C1F-42CD-BD38-995521D582F8}.Debug|Any CPU.ActiveCfg = Debug|Any CPU
		{E4895080-3C1F-42CD-BD38-995521D582F8}.Debug|Any CPU.Build.0 = Debug|Any CPU
		{E4895080-3C1F-42CD-BD38-995521D582F8}.Release|Any CPU.ActiveCfg = Release|Any CPU
		{E4895080-3C1F-42CD-BD38-995521D582F8}.Release|Any CPU.Build.0 = Release|Any CPU
		{0298ED04-9692-40C5-AFEC-FF406C05521E}.Debug|Any CPU.ActiveCfg = Debug|Any CPU
		{0298ED04-9692-40C5-AFEC-FF406C05521E}.Debug|Any CPU.Build.0 = Debug|Any CPU
		{0298ED04-9692-40C5-AFEC-FF406C05521E}.Release|Any CPU.ActiveCfg = Release|Any CPU
		{0298ED04-9692-40C5-AFEC-FF406C05521E}.Release|Any CPU.Build.0 = Release|Any CPU
	EndGlobalSection
	GlobalSection(SolutionProperties) = preSolution
		HideSolutionNode = FALSE
	EndGlobalSection
	GlobalSection(NestedProjects) = preSolution
		{12491674-54ED-4E43-AB99-F28BAEC594B8} = {B70EDC7D-E95E-41D3-8EE1-C98242DED0A2}
		{D47DB5D0-03B7-4DC9-9C1B-05552816EBED} = {B70EDC7D-E95E-41D3-8EE1-C98242DED0A2}
		{E4895080-3C1F-42CD-BD38-995521D582F8} = {B70EDC7D-E95E-41D3-8EE1-C98242DED0A2}
	EndGlobalSection
	GlobalSection(ExtensibilityGlobals) = postSolution
		SolutionGuid = {424FDD33-D63C-45F1-AE68-9FD4A31C72D8}
	EndGlobalSection
EndGlobal
